# THIS IS AN AUTOGENERATED FILE. DO NOT EDIT THIS FILE DIRECTLY.
# yarn lockfile v1


"@trevoreyre/autocomplete-js@^2.1.1":
  version "2.2.0"
  resolved "https://registry.yarnpkg.com/@trevoreyre/autocomplete-js/-/autocomplete-js-2.2.0.tgz#54a4dcf30a91782f58478f5d8d402f5f46433df5"
  integrity sha512-emHJWZBPWdB5iDW9MrLSfq3lopyDlIhYXa8ttnCX9kQp1g+G0Lmfu/v6fW2aggjAfsZX8ksuZSG65o+EdwoN0g==

"@yaireo/tagify@^3.9.3":
  version "3.18.0"
  resolved "https://registry.yarnpkg.com/@yaireo/tagify/-/tagify-3.18.0.tgz#34ba59e27648be840545d0431b584b9658a4a877"
  integrity sha512-SNqXWfngUYSu5rk9wmE4O2rjCNEpPIdMx2MvUB9rWOdSY+/RlH7lDsFob6OqpsVjMgGqdLdDnKEJaKyna882Ng==

bootstrap@^5.0.0-alpha1:
  version "5.0.0-alpha1"
  resolved "https://registry.yarnpkg.com/bootstrap/-/bootstrap-5.0.0-alpha1.tgz#cd35be4282bc930322bcbf1db23a8729c60a31cb"
  integrity sha512-iwKneP2pLXl8lN0YpnOuOARiNPTzmh/4cw+Un86u4OqrMLuQpyMC7nO07hvivvcg0B/ektJPjuPnS1s+YmRK9A==

codemirror@^5.54.0:
  version "5.57.0"
  resolved "https://registry.yarnpkg.com/codemirror/-/codemirror-5.57.0.tgz#d26365b72f909f5d2dbb6b1209349ca1daeb2d50"
  integrity sha512-WGc6UL7Hqt+8a6ZAsj/f1ApQl3NPvHY/UQSzG6fB6l4BjExgVdhFaxd7mRTw1UCiYe/6q86zHP+kfvBQcZGvUg==

commander@^2.19.0:
  version "2.20.3"
  resolved "https://registry.yarnpkg.com/commander/-/commander-2.20.3.tgz#fd485e84c03eb4881c20722ba48035e8531aeb33"
  integrity sha512-GpVkmM8vF2vQUkj2LvZmD35JxeJOLCwJ9cUkugyk2nuhbv3+mJvpLYYt+0+USMxE+oj+ey/lJEnhZw75x/OMcQ==

katex@^0.11.1:
  version "0.11.1"
  resolved "https://registry.yarnpkg.com/katex/-/katex-0.11.1.tgz#df30ca40c565c9df01a466a00d53e079e84ffaa2"
  integrity sha512-5oANDICCTX0NqYIyAiFCCwjQ7ERu3DQG2JFHLbYOf+fXaMoH8eg/zOq5WSYJsKMi/QebW+Eh3gSM+oss1H/bww==
  dependencies:
    commander "^2.19.0"

popper.js@^1.16.1:
  version "1.16.1"
  resolved "https://registry.yarnpkg.com/popper.js/-/popper.js-1.16.1.tgz#2a223cb3dc7b6213d740e40372be40de43e65b1b"
  integrity sha512-Wb4p1J4zyFTbM+u6WuO4XstYx4Ky9Cewe4DWrel7B0w6VVICvPwdOpotjzcf6eD8TsckVnIMNONQyPIUFOUbCQ==
