# THIS IS AN AUTOGENERATED FILE. DO NOT EDIT THIS FILE DIRECTLY.
# yarn lockfile v1


"@trevoreyre/autocomplete-js@^2.1.1":
  version "2.2.0"
  resolved "https://registry.yarnpkg.com/@trevoreyre/autocomplete-js/-/autocomplete-js-2.2.0.tgz#54a4dcf30a91782f58478f5d8d402f5f46433df5"
  integrity sha512-emHJWZBPWdB5iDW9MrLSfq3lopyDlIhYXa8ttnCX9kQp1g+G0Lmfu/v6fW2aggjAfsZX8ksuZSG65o+EdwoN0g==

"@yaireo/tagify@^3.9.3":
  version "3.11.1"
  resolved "https://registry.yarnpkg.com/@yaireo/tagify/-/tagify-3.11.1.tgz#eb5b70ec9fbe44e8d38a15bf194f150b0f3588d1"
  integrity sha512-NfUak7TJ3Co8YqQElcEiUmPpyWk2ut6G/Z5sy7rQLnCxziVEBS2WC/UfTsfq1XV/FCs4c9y9WNALnZ6nXUZzOA==

bootstrap@^4.5.0:
  version "4.5.0"
  resolved "https://registry.yarnpkg.com/bootstrap/-/bootstrap-4.5.0.tgz#97d9dbcb5a8972f8722c9962483543b907d9b9ec"
  integrity sha512-Z93QoXvodoVslA+PWNdk23Hze4RBYIkpb5h8I2HY2Tu2h7A0LpAgLcyrhrSUyo2/Oxm2l1fRZPs1e5hnxnliXA==

codemirror@^5.54.0:
  version "5.54.0"
  resolved "https://registry.yarnpkg.com/codemirror/-/codemirror-5.54.0.tgz#82b6adf662b29eeb7b867fe7839d49e25e4a0b38"
  integrity sha512-Pgf3surv4zvw+KaW3doUU7pGjF0BPU8/sj7eglWJjzni46U/DDW8pu3nZY0QgQKUcICDXRkq8jZmq0y6KhxM3Q==

commander@^2.19.0:
  version "2.20.3"
  resolved "https://registry.yarnpkg.com/commander/-/commander-2.20.3.tgz#fd485e84c03eb4881c20722ba48035e8531aeb33"
  integrity sha512-GpVkmM8vF2vQUkj2LvZmD35JxeJOLCwJ9cUkugyk2nuhbv3+mJvpLYYt+0+USMxE+oj+ey/lJEnhZw75x/OMcQ==

jquery@^3.5.1:
  version "3.5.1"
  resolved "https://registry.yarnpkg.com/jquery/-/jquery-3.5.1.tgz#d7b4d08e1bfdb86ad2f1a3d039ea17304717abb5"
  integrity sha512-XwIBPqcMn57FxfT+Go5pzySnm4KWkT1Tv7gjrpT1srtf8Weynl6R273VJ5GjkRb51IzMp5nbaPjJXMWeju2MKg==

katex@^0.11.1:
  version "0.11.1"
  resolved "https://registry.yarnpkg.com/katex/-/katex-0.11.1.tgz#df30ca40c565c9df01a466a00d53e079e84ffaa2"
  integrity sha512-5oANDICCTX0NqYIyAiFCCwjQ7ERu3DQG2JFHLbYOf+fXaMoH8eg/zOq5WSYJsKMi/QebW+Eh3gSM+oss1H/bww==
  dependencies:
    commander "^2.19.0"

popper.js@^1.16.1:
  version "1.16.1"
  resolved "https://registry.yarnpkg.com/popper.js/-/popper.js-1.16.1.tgz#2a223cb3dc7b6213d740e40372be40de43e65b1b"
  integrity sha512-Wb4p1J4zyFTbM+u6WuO4XstYx4Ky9Cewe4DWrel7B0w6VVICvPwdOpotjzcf6eD8TsckVnIMNONQyPIUFOUbCQ==
