# THIS IS AN AUTOGENERATED FILE. DO NOT EDIT THIS FILE DIRECTLY.
# yarn lockfile v1


"@trevoreyre/autocomplete-js@^2.1.1":
  version "2.2.0"
  resolved "https://registry.yarnpkg.com/@trevoreyre/autocomplete-js/-/autocomplete-js-2.2.0.tgz#54a4dcf30a91782f58478f5d8d402f5f46433df5"
  integrity sha512-emHJWZBPWdB5iDW9MrLSfq3lopyDlIhYXa8ttnCX9kQp1g+G0Lmfu/v6fW2aggjAfsZX8ksuZSG65o+EdwoN0g==

"@yaireo/tagify@^3.9.3":
  version "3.21.5"
  resolved "https://registry.yarnpkg.com/@yaireo/tagify/-/tagify-3.21.5.tgz#7aeb3726cd2cb11103d336fdeb602f3929731fdb"
  integrity sha512-3XjcTKhp25+HrhQdmo0O53bCDlnTNb0Lq8rfn7UmPgcfYd3Nkf3Kwt7qY58aAtKT38mr+W7PfKg14vuLozx1dQ==

bootstrap@^5.0.0-alpha1:
  version "5.0.0-alpha3"
  resolved "https://registry.yarnpkg.com/bootstrap/-/bootstrap-5.0.0-alpha3.tgz#f5abbd38740383d6b8e041212aef5ea220e7daaa"
  integrity sha512-ghwrMFNzqOwfB0nJ1iYbkERd+EK1PblUl7rEEynY35jD0TUlSY6yrjG2M42qI++NhAUBEqGcjmmHkMGs3QyNHA==

codemirror@^5.54.0:
  version "5.58.3"
  resolved "https://registry.yarnpkg.com/codemirror/-/codemirror-5.58.3.tgz#3f0689854ecfbed5d4479a98b96148b2c3b79796"
  integrity sha512-KBhB+juiyOOgn0AqtRmWyAT3yoElkuvWTI6hsHa9E6GQrl6bk/fdAYcvuqW1/upO9T9rtEtapWdw4XYcNiVDEA==

commander@^2.19.0:
  version "2.20.3"
  resolved "https://registry.yarnpkg.com/commander/-/commander-2.20.3.tgz#fd485e84c03eb4881c20722ba48035e8531aeb33"
  integrity sha512-GpVkmM8vF2vQUkj2LvZmD35JxeJOLCwJ9cUkugyk2nuhbv3+mJvpLYYt+0+USMxE+oj+ey/lJEnhZw75x/OMcQ==

katex@^0.12.0:
  version "0.12.0"
  resolved "https://registry.yarnpkg.com/katex/-/katex-0.12.0.tgz#2fb1c665dbd2b043edcf8a1f5c555f46beaa0cb9"
  integrity sha512-y+8btoc/CK70XqcHqjxiGWBOeIL8upbS0peTPXTvgrh21n1RiWWcIpSWM+4uXq+IAgNh9YYQWdc7LVDPDAEEAg==
  dependencies:
    commander "^2.19.0"

popper.js@^1.16.1:
  version "1.16.1"
  resolved "https://registry.yarnpkg.com/popper.js/-/popper.js-1.16.1.tgz#2a223cb3dc7b6213d740e40372be40de43e65b1b"
  integrity sha512-Wb4p1J4zyFTbM+u6WuO4XstYx4Ky9Cewe4DWrel7B0w6VVICvPwdOpotjzcf6eD8TsckVnIMNONQyPIUFOUbCQ==
